
Microsoft Visual Studio Solution File, Format Version 12.00
# Visual Studio 15
VisualStudioVersion = 15.0.28307.1231
MinimumVisualStudioVersion = 10.0.40219.1
Project("{FAE04EC0-301F-11D3-BF4B-00C04F79EFBC}") = "ProgramControllerReel", "ProgramControllerReel\ProgramControllerReel.csproj", "{4DABE580-534E-43D9-ABFF-6F002A6C33AA}"
EndProject
Global
	GlobalSection(SolutionConfigurationPlatforms) = preSolution
		Debug|Any CPU = Debug|Any CPU
		Release|Any CPU = Release|Any CPU
	EndGlobalSection
	GlobalSection(ProjectConfigurationPlatforms) = postSolution
		{4DABE580-534E-43D9-ABFF-6F002A6C33AA}.Debug|Any CPU.ActiveCfg = Debug|Any CPU
		{4DABE580-534E-43D9-ABFF-6F002A6C33AA}.Debug|Any CPU.Build.0 = Debug|Any CPU
		{4DABE580-534E-43D9-ABFF-6F002A6C33AA}.Release|Any CPU.ActiveCfg = Release|Any CPU
		{4DABE580-534E-43D9-ABFF-6F002A6C33AA}.Release|Any CPU.Build.0 = Release|Any CPU
	EndGlobalSection
	GlobalSection(SolutionProperties) = preSolution
		HideSolutionNode = FALSE
	EndGlobalSection
	GlobalSection(ExtensibilityGlobals) = postSolution
		SolutionGuid = {C7AFE1EE-1282-42B9-977E-66C253A2D18C}
	EndGlobalSection
EndGlobal
